
Microsoft Visual Studio Solution File, Format Version 12.00
# Visual Studio Version 16
VisualStudioVersion = 16.0.31306.274
MinimumVisualStudioVersion = 10.0.40219.1
Project("{9A19103F-16F7-4668-BE54-9A1E7A4F7556}") = "ProjectSystemTools", "src\ProjectSystemTools\ProjectSystemTools.csproj", "{4ADB9F32-E622-4EAA-8DF8-C6D9298FE0EB}"
EndProject
Project("{2150E333-8FDC-42A3-9474-1A3956D46DE8}") = "Solution Items", "Solution Items", "{42ECF9E1-DF1F-4FBD-A50C-988D44C960B1}"
	ProjectSection(SolutionItems) = preProject
		.editorconfig = .editorconfig
		.gitignore = .gitignore
		eng\azure-pipelines.yml = eng\azure-pipelines.yml
		build.cmd = build.cmd
		src\Directory.Build.props = src\Directory.Build.props
		src\Directory.Build.targets = src\Directory.Build.targets
		global.json = global.json
		LICENSE.md = LICENSE.md
		NuGet.config = NuGet.config
		README.md = README.md
		SECURITY.md = SECURITY.md
		test.cmd = test.cmd
		eng\Versions.props = eng\Versions.props
	EndProjectSection
EndProject
Global
	GlobalSection(SolutionConfigurationPlatforms) = preSolution
		Debug|Any CPU = Debug|Any CPU
		Release|Any CPU = Release|Any CPU
	EndGlobalSection
	GlobalSection(ProjectConfigurationPlatforms) = postSolution
		{4ADB9F32-E622-4EAA-8DF8-C6D9298FE0EB}.Debug|Any CPU.ActiveCfg = Debug|Any CPU
		{4ADB9F32-E622-4EAA-8DF8-C6D9298FE0EB}.Debug|Any CPU.Build.0 = Debug|Any CPU
		{4ADB9F32-E622-4EAA-8DF8-C6D9298FE0EB}.Release|Any CPU.ActiveCfg = Release|Any CPU
		{4ADB9F32-E622-4EAA-8DF8-C6D9298FE0EB}.Release|Any CPU.Build.0 = Release|Any CPU
	EndGlobalSection
	GlobalSection(SolutionProperties) = preSolution
		HideSolutionNode = FALSE
	EndGlobalSection
	GlobalSection(ExtensibilityGlobals) = postSolution
		SolutionGuid = {0076950C-BE56-449A-A875-8987AF2C1DF7}
	EndGlobalSection
EndGlobal
