
Microsoft Visual Studio Solution File, Format Version 12.00
# Visual Studio Version 16
VisualStudioVersion = 16.0.30502.90
MinimumVisualStudioVersion = 10.0.40219.1
Project("{9A19103F-16F7-4668-BE54-9A1E7A4F7556}") = "Microsoft.VisualStudio.ProjectSystemTools.FrontEnd", "src\Microsoft.VisualStudio.ProjectSystemTools.FrontEnd\Microsoft.VisualStudio.ProjectSystemTools.FrontEnd.csproj", "{1412F7AD-7BC5-40E8-A0AF-C9BF26516131}"
EndProject
Project("{9A19103F-16F7-4668-BE54-9A1E7A4F7556}") = "Microsoft.VisualStudio.ProjectSystemTools.Shared", "src\Microsoft.VisualStudio.ProjectSystemTools.Shared\Microsoft.VisualStudio.ProjectSystemTools.Shared.csproj", "{D3BA5F16-3A5D-4685-BEEA-4AF143F8E249}"
EndProject
Global
	GlobalSection(SolutionConfigurationPlatforms) = preSolution
		Debug|Any CPU = Debug|Any CPU
		Release|Any CPU = Release|Any CPU
	EndGlobalSection
	GlobalSection(ProjectConfigurationPlatforms) = postSolution
		{1412F7AD-7BC5-40E8-A0AF-C9BF26516131}.Debug|Any CPU.ActiveCfg = Debug|Any CPU
		{1412F7AD-7BC5-40E8-A0AF-C9BF26516131}.Debug|Any CPU.Build.0 = Debug|Any CPU
		{1412F7AD-7BC5-40E8-A0AF-C9BF26516131}.Release|Any CPU.ActiveCfg = Release|Any CPU
		{1412F7AD-7BC5-40E8-A0AF-C9BF26516131}.Release|Any CPU.Build.0 = Release|Any CPU
		{D3BA5F16-3A5D-4685-BEEA-4AF143F8E249}.Debug|Any CPU.ActiveCfg = Debug|Any CPU
		{D3BA5F16-3A5D-4685-BEEA-4AF143F8E249}.Debug|Any CPU.Build.0 = Debug|Any CPU
		{D3BA5F16-3A5D-4685-BEEA-4AF143F8E249}.Release|Any CPU.ActiveCfg = Release|Any CPU
		{D3BA5F16-3A5D-4685-BEEA-4AF143F8E249}.Release|Any CPU.Build.0 = Release|Any CPU
	EndGlobalSection
	GlobalSection(SolutionProperties) = preSolution
		HideSolutionNode = FALSE
	EndGlobalSection
	GlobalSection(ExtensibilityGlobals) = postSolution
		SolutionGuid = {0076950C-BE56-449A-A875-8987AF2C1DF7}
	EndGlobalSection
EndGlobal
